
Microsoft Visual Studio Solution File, Format Version 12.00
# Visual Studio Version 17
VisualStudioVersion = 17.11.35327.3
MinimumVisualStudioVersion = 10.0.40219.1
Project("{8BC9CEB8-8B4A-11D0-8D11-00A0C91BC942}") = "stopwatch-gui", "stopwatch-gui.vcxproj", "{3C91E2CA-D878-493B-A905-3A262FC88B92}"
EndProject
Global
	GlobalSection(SolutionConfigurationPlatforms) = preSolution
		Debug|x64 = Debug|x64
		Debug|x86 = Debug|x86
		Release|x64 = Release|x64
		Release|x86 = Release|x86
	EndGlobalSection
	GlobalSection(ProjectConfigurationPlatforms) = postSolution
		{3C91E2CA-D878-493B-A905-3A262FC88B92}.Debug|x64.ActiveCfg = Debug|x64
		{3C91E2CA-D878-493B-A905-3A262FC88B92}.Debug|x64.Build.0 = Debug|x64
		{3C91E2CA-D878-493B-A905-3A262FC88B92}.Debug|x86.ActiveCfg = Debug|Win32
		{3C91E2CA-D878-493B-A905-3A262FC88B92}.Debug|x86.Build.0 = Debug|Win32
		{3C91E2CA-D878-493B-A905-3A262FC88B92}.Release|x64.ActiveCfg = Release|x64
		{3C91E2CA-D878-493B-A905-3A262FC88B92}.Release|x64.Build.0 = Release|x64
		{3C91E2CA-D878-493B-A905-3A262FC88B92}.Release|x86.ActiveCfg = Release|Win32
		{3C91E2CA-D878-493B-A905-3A262FC88B92}.Release|x86.Build.0 = Release|Win32
	EndGlobalSection
	GlobalSection(SolutionProperties) = preSolution
		HideSolutionNode = FALSE
	EndGlobalSection
	GlobalSection(ExtensibilityGlobals) = postSolution
		SolutionGuid = {B0A0990C-5BAF-40E7-8583-0419C88F4B1A}
	EndGlobalSection
EndGlobal
